
Microsoft Visual Studio Solution File, Format Version 10.00
# Visual Studio 2008
Project("{FAE04EC0-301F-11D3-BF4B-00C04F79EFBC}") = "sdec2", "sdec4.6.2.csproj", "{D51B1394-0241-4299-9947-B35BA9EF8A83}"
EndProject
Global
	GlobalSection(SolutionConfigurationPlatforms) = preSolution
		Debug|Any CPU = Debug|Any CPU
		Release|Any CPU = Release|Any CPU
	EndGlobalSection
	GlobalSection(ProjectConfigurationPlatforms) = postSolution
		{D51B1394-0241-4299-9947-B35BA9EF8A83}.Debug|Any CPU.ActiveCfg = Debug|Any CPU
		{D51B1394-0241-4299-9947-B35BA9EF8A83}.Debug|Any CPU.Build.0 = Debug|Any CPU
		{D51B1394-0241-4299-9947-B35BA9EF8A83}.Release|Any CPU.ActiveCfg = Release|Any CPU
		{D51B1394-0241-4299-9947-B35BA9EF8A83}.Release|Any CPU.Build.0 = Release|Any CPU
	EndGlobalSection
	GlobalSection(SolutionProperties) = preSolution
		HideSolutionNode = FALSE
	EndGlobalSection
EndGlobal
